
Microsoft Visual Studio Solution File, Format Version 12.00
# Visual Studio Version 16
VisualStudioVersion = 16.0.31613.86
MinimumVisualStudioVersion = 10.0.40219.1
Project("{FAE04EC0-301F-11D3-BF4B-00C04F79EFBC}") = "HomeWork_10_5", "HomeWork_10_5\HomeWork_10_5.csproj", "{F67372A0-F1E1-4D09-9998-D292B529D7BC}"
EndProject
Global
	GlobalSection(SolutionConfigurationPlatforms) = preSolution
		Debug|Any CPU = Debug|Any CPU
		Release|Any CPU = Release|Any CPU
	EndGlobalSection
	GlobalSection(ProjectConfigurationPlatforms) = postSolution
		{F67372A0-F1E1-4D09-9998-D292B529D7BC}.Debug|Any CPU.ActiveCfg = Debug|Any CPU
		{F67372A0-F1E1-4D09-9998-D292B529D7BC}.Debug|Any CPU.Build.0 = Debug|Any CPU
		{F67372A0-F1E1-4D09-9998-D292B529D7BC}.Release|Any CPU.ActiveCfg = Release|Any CPU
		{F67372A0-F1E1-4D09-9998-D292B529D7BC}.Release|Any CPU.Build.0 = Release|Any CPU
	EndGlobalSection
	GlobalSection(SolutionProperties) = preSolution
		HideSolutionNode = FALSE
	EndGlobalSection
	GlobalSection(ExtensibilityGlobals) = postSolution
		SolutionGuid = {B0175A31-730B-4FE6-AC72-2098FB5DE824}
	EndGlobalSection
EndGlobal
